github.com/wowchemy/wowchemy-hugo-modules v0.29.0 h1:tmZeM85lHRB8U0L6xT5bLFgq6p84CqmjM4FMRK1B1jg=
github.com/wowchemy/wowchemy-hugo-modules v4.8.0+incompatible h1:bWdYezLML3TZq5H0Rot4Urwl6HBl1uok5xIDOTqcWC8=
github.com/wowchemy/wowchemy-hugo-modules/wowchemy v0.0.0-20200903212926-73d157ece01d h1:p/Clz609aMSAnc1udZNznkwlF/OLoxAxhon9Fb5jLRY=
github.com/wowchemy/wowchemy-hugo-modules/wowchemy v0.0.0-20200903212926-73d157ece01d/go.mod h1:H22qfH9qj3FWwsk7+bAZpmT24yRGNQURah2/IRwjbn8=
github.com/wowchemy/wowchemy-hugo-modules/wowchemy v0.0.0-20210516101231-84e462a5a149 h1:yyRK2E6tQ4LZ0PMpzBv3GhKZ/tEF8OBBhsXCSN0AIhQ=
github.com/wowchemy/wowchemy-hugo-modules/wowchemy v0.0.0-20210516101231-84e462a5a149/go.mod h1:H22qfH9qj3FWwsk7+bAZpmT24yRGNQURah2/IRwjbn8=
